
Microsoft Visual Studio Solution File, Format Version 12.00
# Visual Studio Version 17
VisualStudioVersion = 17.8.34525.116
MinimumVisualStudioVersion = 10.0.40219.1
Project("{FAE04EC0-301F-11D3-BF4B-00C04F79EFBC}") = "ipk24chat-client", "ipk24chat-client\ipk24chat-client.csproj", "{ADFDF2E9-91CA-4185-900A-5C5FEADE8C87}"
EndProject
Global
	GlobalSection(SolutionConfigurationPlatforms) = preSolution
		Debug|Any CPU = Debug|Any CPU
		Release|Any CPU = Release|Any CPU
	EndGlobalSection
	GlobalSection(ProjectConfigurationPlatforms) = postSolution
		{ADFDF2E9-91CA-4185-900A-5C5FEADE8C87}.Debug|Any CPU.ActiveCfg = Debug|Any CPU
		{ADFDF2E9-91CA-4185-900A-5C5FEADE8C87}.Debug|Any CPU.Build.0 = Debug|Any CPU
		{ADFDF2E9-91CA-4185-900A-5C5FEADE8C87}.Release|Any CPU.ActiveCfg = Release|Any CPU
		{ADFDF2E9-91CA-4185-900A-5C5FEADE8C87}.Release|Any CPU.Build.0 = Release|Any CPU
	EndGlobalSection
	GlobalSection(SolutionProperties) = preSolution
		HideSolutionNode = FALSE
	EndGlobalSection
	GlobalSection(ExtensibilityGlobals) = postSolution
		SolutionGuid = {A1737C2C-2463-4530-B7B8-FE1E9E89157B}
	EndGlobalSection
EndGlobal
